// !$*UTF8*$!
{
	archiveVersion = 1;
	classes = {
	};
	objectVersion = 50;
	objects = {

/* Begin PBXBuildFile section */
		53F3A615230982F000CCE702 /* AppDelegate.swift in Sources */ = {isa = PBXBuildFile; fileRef = 53F3A614230982F000CCE702 /* AppDelegate.swift */; };
		53F3A617230982F000CCE702 /* ViewController.swift in Sources */ = {isa = PBXBuildFile; fileRef = 53F3A616230982F000CCE702 /* ViewController.swift */; };
		53F3A61A230982F000CCE702 /* Main.storyboard in Resources */ = {isa = PBXBuildFile; fileRef = 53F3A618230982F000CCE702 /* Main.storyboard */; };
		53F3A61C230982F200CCE702 /* Assets.xcassets in Resources */ = {isa = PBXBuildFile; fileRef = 53F3A61B230982F200CCE702 /* Assets.xcassets */; };
		53F3A61F230982F200CCE702 /* LaunchScreen.storyboard in Resources */ = {isa = PBXBuildFile; fileRef = 53F3A61D230982F200CCE702 /* LaunchScreen.storyboard */; };
		53F3A62A230982F200CCE702 /* DataStructuresTests.swift in Sources */ = {isa = PBXBuildFile; fileRef = 53F3A629230982F200CCE702 /* DataStructuresTests.swift */; };
		53F3A635230982F200CCE702 /* DataStructuresUITests.swift in Sources */ = {isa = PBXBuildFile; fileRef = 53F3A634230982F200CCE702 /* DataStructuresUITests.swift */; };
		53F3A6442309835300CCE702 /* Stack.swift in Sources */ = {isa = PBXBuildFile; fileRef = 53F3A6432309835300CCE702 /* Stack.swift */; };
/* End PBXBuildFile section */

/* Begin PBXContainerItemProxy section */
		53F3A626230982F200CCE702 /* PBXContainerItemProxy */ = {
			isa = PBXContainerItemProxy;
			containerPortal = 53F3A609230982F000CCE702 /* Project object */;
			proxyType = 1;
			remoteGlobalIDString = 53F3A610230982F000CCE702;
			remoteInfo = DataStructures;
		};
		53F3A631230982F200CCE702 /* PBXContainerItemProxy */ = {
			isa = PBXContainerItemProxy;
			containerPortal = 53F3A609230982F000CCE702 /* Project object */;
			proxyType = 1;
			remoteGlobalIDString = 53F3A610230982F000CCE702;
			remoteInfo = DataStructures;
		};
/* End PBXContainerItemProxy section */

/* Begin PBXFileReference section */
		53F3A611230982F000CCE702 /* DataStructures.app */ = {isa = PBXFileReference; explicitFileType = wrapper.application; includeInIndex = 0; path = DataStructures.app; sourceTree = BUILT_PRODUCTS_DIR; };
		53F3A614230982F000CCE702 /* AppDelegate.swift */ = {isa = PBXFileReference; lastKnownFileType = sourcecode.swift; path = AppDelegate.swift; sourceTree = "<group>"; };
		53F3A616230982F000CCE702 /* ViewController.swift */ = {isa = PBXFileReference; lastKnownFileType = sourcecode.swift; path = ViewController.swift; sourceTree = "<group>"; };
		53F3A619230982F000CCE702 /* Base */ = {isa = PBXFileReference; lastKnownFileType = file.storyboard; name = Base; path = Base.lproj/Main.storyboard; sourceTree = "<group>"; };
		53F3A61B230982F200CCE702 /* Assets.xcassets */ = {isa = PBXFileReference; lastKnownFileType = folder.assetcatalog; path = Assets.xcassets; sourceTree = "<group>"; };
		53F3A61E230982F200CCE702 /* Base */ = {isa = PBXFileReference; lastKnownFileType = file.storyboard; name = Base; path = Base.lproj/LaunchScreen.storyboard; sourceTree = "<group>"; };
		53F3A620230982F200CCE702 /* Info.plist */ = {isa = PBXFileReference; lastKnownFileType = text.plist.xml; path = Info.plist; sourceTree = "<group>"; };
		53F3A625230982F200CCE702 /* DataStructuresTests.xctest */ = {isa = PBXFileReference; explicitFileType = wrapper.cfbundle; includeInIndex = 0; path = DataStructuresTests.xctest; sourceTree = BUILT_PRODUCTS_DIR; };
		53F3A629230982F200CCE702 /* DataStructuresTests.swift */ = {isa = PBXFileReference; lastKnownFileType = sourcecode.swift; path = DataStructuresTests.swift; sourceTree = "<group>"; };
		53F3A62B230982F200CCE702 /* Info.plist */ = {isa = PBXFileReference; lastKnownFileType = text.plist.xml; path = Info.plist; sourceTree = "<group>"; };
		53F3A630230982F200CCE702 /* DataStructuresUITests.xctest */ = {isa = PBXFileReference; explicitFileType = wrapper.cfbundle; includeInIndex = 0; path = DataStructuresUITests.xctest; sourceTree = BUILT_PRODUCTS_DIR; };
		53F3A634230982F200CCE702 /* DataStructuresUITests.swift */ = {isa = PBXFileReference; lastKnownFileType = sourcecode.swift; path = DataStructuresUITests.swift; sourceTree = "<group>"; };
		53F3A636230982F200CCE702 /* Info.plist */ = {isa = PBXFileReference; lastKnownFileType = text.plist.xml; path = Info.plist; sourceTree = "<group>"; };
		53F3A6432309835300CCE702 /* Stack.swift */ = {isa = PBXFileReference; lastKnownFileType = sourcecode.swift; path = Stack.swift; sourceTree = "<group>"; };
/* End PBXFileReference section */

/* Begin PBXFrameworksBuildPhase section */
		53F3A60E230982F000CCE702 /* Frameworks */ = {
			isa = PBXFrameworksBuildPhase;
			buildActionMask = 2147483647;
			files = (
			);
			runOnlyForDeploymentPostprocessing = 0;
		};
		53F3A622230982F200CCE702 /* Frameworks */ = {
			isa = PBXFrameworksBuildPhase;
			buildActionMask = 2147483647;
			files = (
			);
			runOnlyForDeploymentPostprocessing = 0;
		};
		53F3A62D230982F200CCE702 /* Frameworks */ = {
			isa = PBXFrameworksBuildPhase;
			buildActionMask = 2147483647;
			files = (
			);
			runOnlyForDeploymentPostprocessing = 0;
		};
/* End PBXFrameworksBuildPhase section */

/* Begin PBXGroup section */
		53F3A608230982F000CCE702 = {
			isa = PBXGroup;
			children = (
				53F3A613230982F000CCE702 /* DataStructures */,
				53F3A628230982F200CCE702 /* DataStructuresTests */,
				53F3A633230982F200CCE702 /* DataStructuresUITests */,
				53F3A612230982F000CCE702 /* Products */,
			);
			sourceTree = "<group>";
		};
		53F3A612230982F000CCE702 /* Products */ = {
			isa = PBXGroup;
			children = (
				53F3A611230982F000CCE702 /* DataStructures.app */,
				53F3A625230982F200CCE702 /* DataStructuresTests.xctest */,
				53F3A630230982F200CCE702 /* DataStructuresUITests.xctest */,
			);
			name = Products;
			sourceTree = "<group>";
		};
		53F3A613230982F000CCE702 /* DataStructures */ = {
			isa = PBXGroup;
			children = (
				53F3A6422309832D00CCE702 /* Sources */,
				53F3A614230982F000CCE702 /* AppDelegate.swift */,
				53F3A616230982F000CCE702 /* ViewController.swift */,
				53F3A618230982F000CCE702 /* Main.storyboard */,
				53F3A61B230982F200CCE702 /* Assets.xcassets */,
				53F3A61D230982F200CCE702 /* LaunchScreen.storyboard */,
				53F3A620230982F200CCE702 /* Info.plist */,
			);
			path = DataStructures;
			sourceTree = "<group>";
		};
		53F3A628230982F200CCE702 /* DataStructuresTests */ = {
			isa = PBXGroup;
			children = (
				53F3A629230982F200CCE702 /* DataStructuresTests.swift */,
				53F3A62B230982F200CCE702 /* Info.plist */,
			);
			path = DataStructuresTests;
			sourceTree = "<group>";
		};
		53F3A633230982F200CCE702 /* DataStructuresUITests */ = {
			isa = PBXGroup;
			children = (
				53F3A634230982F200CCE702 /* DataStructuresUITests.swift */,
				53F3A636230982F200CCE702 /* Info.plist */,
			);
			path = DataStructuresUITests;
			sourceTree = "<group>";
		};
		53F3A6422309832D00CCE702 /* Sources */ = {
			isa = PBXGroup;
			children = (
				53F3A6432309835300CCE702 /* Stack.swift */,
			);
			path = Sources;
			sourceTree = "<group>";
		};
/* End PBXGroup section */

/* Begin PBXNativeTarget section */
		53F3A610230982F000CCE702 /* DataStructures */ = {
			isa = PBXNativeTarget;
			buildConfigurationList = 53F3A639230982F200CCE702 /* Build configuration list for PBXNativeTarget "DataStructures" */;
			buildPhases = (
				53F3A60D230982F000CCE702 /* Sources */,
				53F3A60E230982F000CCE702 /* Frameworks */,
				53F3A60F230982F000CCE702 /* Resources */,
			);
			buildRules = (
			);
			dependencies = (
			);
			name = DataStructures;
			productName = DataStructures;
			productReference = 53F3A611230982F000CCE702 /* DataStructures.app */;
			productType = "com.apple.product-type.application";
		};
		53F3A624230982F200CCE702 /* DataStructuresTests */ = {
			isa = PBXNativeTarget;
			buildConfigurationList = 53F3A63C230982F200CCE702 /* Build configuration list for PBXNativeTarget "DataStructuresTests" */;
			buildPhases = (
				53F3A621230982F200CCE702 /* Sources */,
				53F3A622230982F200CCE702 /* Frameworks */,
				53F3A623230982F200CCE702 /* Resources */,
			);
			buildRules = (
			);
			dependencies = (
				53F3A627230982F200CCE702 /* PBXTargetDependency */,
			);
			name = DataStructuresTests;
			productName = DataStructuresTests;
			productReference = 53F3A625230982F200CCE702 /* DataStructuresTests.xctest */;
			productType = "com.apple.product-type.bundle.unit-test";
		};
		53F3A62F230982F200CCE702 /* DataStructuresUITests */ = {
			isa = PBXNativeTarget;
			buildConfigurationList = 53F3A63F230982F200CCE702 /* Build configuration list for PBXNativeTarget "DataStructuresUITests" */;
			buildPhases = (
				53F3A62C230982F200CCE702 /* Sources */,
				53F3A62D230982F200CCE702 /* Frameworks */,
				53F3A62E230982F200CCE702 /* Resources */,
			);
			buildRules = (
			);
			dependencies = (
				53F3A632230982F200CCE702 /* PBXTargetDependency */,
			);
			name = DataStructuresUITests;
			productName = DataStructuresUITests;
			productReference = 53F3A630230982F200CCE702 /* DataStructuresUITests.xctest */;
			productType = "com.apple.product-type.bundle.ui-testing";
		};
/* End PBXNativeTarget section */

/* Begin PBXProject section */
		53F3A609230982F000CCE702 /* Project object */ = {
			isa = PBXProject;
			attributes = {
				LastSwiftUpdateCheck = 1020;
				LastUpgradeCheck = 1020;
				ORGANIZATIONNAME = Trufla;
				TargetAttributes = {
					53F3A610230982F000CCE702 = {
						CreatedOnToolsVersion = 10.2.1;
					};
					53F3A624230982F200CCE702 = {
						CreatedOnToolsVersion = 10.2.1;
						TestTargetID = 53F3A610230982F000CCE702;
					};
					53F3A62F230982F200CCE702 = {
						CreatedOnToolsVersion = 10.2.1;
						TestTargetID = 53F3A610230982F000CCE702;
					};
				};
			};
			buildConfigurationList = 53F3A60C230982F000CCE702 /* Build configuration list for PBXProject "DataStructures" */;
			compatibilityVersion = "Xcode 9.3";
			developmentRegion = en;
			hasScannedForEncodings = 0;
			knownRegions = (
				en,
				Base,
			);
			mainGroup = 53F3A608230982F000CCE702;
			productRefGroup = 53F3A612230982F000CCE702 /* Products */;
			projectDirPath = "";
			projectRoot = "";
			targets = (
				53F3A610230982F000CCE702 /* DataStructures */,
				53F3A624230982F200CCE702 /* DataStructuresTests */,
				53F3A62F230982F200CCE702 /* DataStructuresUITests */,
			);
		};
/* End PBXProject section */

/* Begin PBXResourcesBuildPhase section */
		53F3A60F230982F000CCE702 /* Resources */ = {
			isa = PBXResourcesBuildPhase;
			buildActionMask = 2147483647;
			files = (
				53F3A61F230982F200CCE702 /* LaunchScreen.storyboard in Resources */,
				53F3A61C230982F200CCE702 /* Assets.xcassets in Resources */,
				53F3A61A230982F000CCE702 /* Main.storyboard in Resources */,
			);
			runOnlyForDeploymentPostprocessing = 0;
		};
		53F3A623230982F200CCE702 /* Resources */ = {
			isa = PBXResourcesBuildPhase;
			buildActionMask = 2147483647;
			files = (
			);
			runOnlyForDeploymentPostprocessing = 0;
		};
		53F3A62E230982F200CCE702 /* Resources */ = {
			isa = PBXResourcesBuildPhase;
			buildActionMask = 2147483647;
			files = (
			);
			runOnlyForDeploymentPostprocessing = 0;
		};
/* End PBXResourcesBuildPhase section */

/* Begin PBXSourcesBuildPhase section */
		53F3A60D230982F000CCE702 /* Sources */ = {
			isa = PBXSourcesBuildPhase;
			buildActionMask = 2147483647;
			files = (
				53F3A617230982F000CCE702 /* ViewController.swift in Sources */,
				53F3A6442309835300CCE702 /* Stack.swift in Sources */,
				53F3A615230982F000CCE702 /* AppDelegate.swift in Sources */,
			);
			runOnlyForDeploymentPostprocessing = 0;
		};
		53F3A621230982F200CCE702 /* Sources */ = {
			isa = PBXSourcesBuildPhase;
			buildActionMask = 2147483647;
			files = (
				53F3A62A230982F200CCE702 /* DataStructuresTests.swift in Sources */,
			);
			runOnlyForDeploymentPostprocessing = 0;
		};
		53F3A62C230982F200CCE702 /* Sources */ = {
			isa = PBXSourcesBuildPhase;
			buildActionMask = 2147483647;
			files = (
				53F3A635230982F200CCE702 /* DataStructuresUITests.swift in Sources */,
			);
			runOnlyForDeploymentPostprocessing = 0;
		};
/* End PBXSourcesBuildPhase section */

/* Begin PBXTargetDependency section */
		53F3A627230982F200CCE702 /* PBXTargetDependency */ = {
			isa = PBXTargetDependency;
			target = 53F3A610230982F000CCE702 /* DataStructures */;
			targetProxy = 53F3A626230982F200CCE702 /* PBXContainerItemProxy */;
		};
		53F3A632230982F200CCE702 /* PBXTargetDependency */ = {
			isa = PBXTargetDependency;
			target = 53F3A610230982F000CCE702 /* DataStructures */;
			targetProxy = 53F3A631230982F200CCE702 /* PBXContainerItemProxy */;
		};
/* End PBXTargetDependency section */

/* Begin PBXVariantGroup section */
		53F3A618230982F000CCE702 /* Main.storyboard */ = {
			isa = PBXVariantGroup;
			children = (
				53F3A619230982F000CCE702 /* Base */,
			);
			name = Main.storyboard;
			sourceTree = "<group>";
		};
		53F3A61D230982F200CCE702 /* LaunchScreen.storyboard */ = {
			isa = PBXVariantGroup;
			children = (
				53F3A61E230982F200CCE702 /* Base */,
			);
			name = LaunchScreen.storyboard;
			sourceTree = "<group>";
		};
/* End PBXVariantGroup section */

/* Begin XCBuildConfiguration section */
		53F3A637230982F200CCE702 /* Debug */ = {
			isa = XCBuildConfiguration;
			buildSettings = {
				ALWAYS_SEARCH_USER_PATHS = NO;
				CLANG_ANALYZER_NONNULL = YES;
				CLANG_ANALYZER_NUMBER_OBJECT_CONVERSION = YES_AGGRESSIVE;
				CLANG_CXX_LANGUAGE_STANDARD = "gnu++14";
				CLANG_CXX_LIBRARY = "libc++";
				CLANG_ENABLE_MODULES = YES;
				CLANG_ENABLE_OBJC_ARC = YES;
				CLANG_ENABLE_OBJC_WEAK = YES;
				CLANG_WARN_BLOCK_CAPTURE_AUTORELEASING = YES;
				CLANG_WARN_BOOL_CONVERSION = YES;
				CLANG_WARN_COMMA = YES;
				CLANG_WARN_CONSTANT_CONVERSION = YES;
				CLANG_WARN_DEPRECATED_OBJC_IMPLEMENTATIONS = YES;
				CLANG_WARN_DIRECT_OBJC_ISA_USAGE = YES_ERROR;
				CLANG_WARN_DOCUMENTATION_COMMENTS = YES;
				CLANG_WARN_EMPTY_BODY = YES;
				CLANG_WARN_ENUM_CONVERSION = YES;
				CLANG_WARN_INFINITE_RECURSION = YES;
				CLANG_WARN_INT_CONVERSION = YES;
				CLANG_WARN_NON_LITERAL_NULL_CONVERSION = YES;
				CLANG_WARN_OBJC_IMPLICIT_RETAIN_SELF = YES;
				CLANG_WARN_OBJC_LITERAL_CONVERSION = YES;
				CLANG_WARN_OBJC_ROOT_CLASS = YES_ERROR;
				CLANG_WARN_RANGE_LOOP_ANALYSIS = YES;
				CLANG_WARN_STRICT_PROTOTYPES = YES;
				CLANG_WARN_SUSPICIOUS_MOVE = YES;
				CLANG_WARN_UNGUARDED_AVAILABILITY = YES_AGGRESSIVE;
				CLANG_WARN_UNREACHABLE_CODE = YES;
				CLANG_WARN__DUPLICATE_METHOD_MATCH = YES;
				CODE_SIGN_IDENTITY = "iPhone Developer";
				COPY_PHASE_STRIP = NO;
				DEBUG_INFORMATION_FORMAT = dwarf;
				ENABLE_STRICT_OBJC_MSGSEND = YES;
				ENABLE_TESTABILITY = YES;
				GCC_C_LANGUAGE_STANDARD = gnu11;
				GCC_DYNAMIC_NO_PIC = NO;
				GCC_NO_COMMON_BLOCKS = YES;
				GCC_OPTIMIZATION_LEVEL = 0;
				GCC_PREPROCESSOR_DEFINITIONS = (
					"DEBUG=1",
					"$(inherited)",
				);
				GCC_WARN_64_TO_32_BIT_CONVERSION = YES;
				GCC_WARN_ABOUT_RETURN_TYPE = YES_ERROR;
				GCC_WARN_UNDECLARED_SELECTOR = YES;
				GCC_WARN_UNINITIALIZED_AUTOS = YES_AGGRESSIVE;
				GCC_WARN_UNUSED_FUNCTION = YES;
				GCC_WARN_UNUSED_VARIABLE = YES;
				IPHONEOS_DEPLOYMENT_TARGET = 12.2;
				MTL_ENABLE_DEBUG_INFO = INCLUDE_SOURCE;
				MTL_FAST_MATH = YES;
				ONLY_ACTIVE_ARCH = YES;
				SDKROOT = iphoneos;
				SWIFT_ACTIVE_COMPILATION_CONDITIONS = DEBUG;
				SWIFT_OPTIMIZATION_LEVEL = "-Onone";
			};
			name = Debug;
		};
		53F3A638230982F200CCE702 /* Release */ = {
			isa = XCBuildConfiguration;
			buildSettings = {
				ALWAYS_SEARCH_USER_PATHS = NO;
				CLANG_ANALYZER_NONNULL = YES;
				CLANG_ANALYZER_NUMBER_OBJECT_CONVERSION = YES_AGGRESSIVE;
				CLANG_CXX_LANGUAGE_STANDARD = "gnu++14";
				CLANG_CXX_LIBRARY = "libc++";
				CLANG_ENABLE_MODULES = YES;
				CLANG_ENABLE_OBJC_ARC = YES;
				CLANG_ENABLE_OBJC_WEAK = YES;
				CLANG_WARN_BLOCK_CAPTURE_AUTORELEASING = YES;
				CLANG_WARN_BOOL_CONVERSION = YES;
				CLANG_WARN_COMMA = YES;
				CLANG_WARN_CONSTANT_CONVERSION = YES;
				CLANG_WARN_DEPRECATED_OBJC_IMPLEMENTATIONS = YES;
				CLANG_WARN_DIRECT_OBJC_ISA_USAGE = YES_ERROR;
				CLANG_WARN_DOCUMENTATION_COMMENTS = YES;
				CLANG_WARN_EMPTY_BODY = YES;
				CLANG_WARN_ENUM_CONVERSION = YES;
				CLANG_WARN_INFINITE_RECURSION = YES;
				CLANG_WARN_INT_CONVERSION = YES;
				CLANG_WARN_NON_LITERAL_NULL_CONVERSION = YES;
				CLANG_WARN_OBJC_IMPLICIT_RETAIN_SELF = YES;
				CLANG_WARN_OBJC_LITERAL_CONVERSION = YES;
				CLANG_WARN_OBJC_ROOT_CLASS = YES_ERROR;
				CLANG_WARN_RANGE_LOOP_ANALYSIS = YES;
				CLANG_WARN_STRICT_PROTOTYPES = YES;
				CLANG_WARN_SUSPICIOUS_MOVE = YES;
				CLANG_WARN_UNGUARDED_AVAILABILITY = YES_AGGRESSIVE;
				CLANG_WARN_UNREACHABLE_CODE = YES;
				CLANG_WARN__DUPLICATE_METHOD_MATCH = YES;
				CODE_SIGN_IDENTITY = "iPhone Developer";
				COPY_PHASE_STRIP = NO;
				DEBUG_INFORMATION_FORMAT = "dwarf-with-dsym";
				ENABLE_NS_ASSERTIONS = NO;
				ENABLE_STRICT_OBJC_MSGSEND = YES;
				GCC_C_LANGUAGE_STANDARD = gnu11;
				GCC_NO_COMMON_BLOCKS = YES;
				GCC_WARN_64_TO_32_BIT_CONVERSION = YES;
				GCC_WARN_ABOUT_RETURN_TYPE = YES_ERROR;
				GCC_WARN_UNDECLARED_SELECTOR = YES;
				GCC_WARN_UNINITIALIZED_AUTOS = YES_AGGRESSIVE;
				GCC_WARN_UNUSED_FUNCTION = YES;
				GCC_WARN_UNUSED_VARIABLE = YES;
				IPHONEOS_DEPLOYMENT_TARGET = 12.2;
				MTL_ENABLE_DEBUG_INFO = NO;
				MTL_FAST_MATH = YES;
				SDKROOT = iphoneos;
				SWIFT_COMPILATION_MODE = wholemodule;
				SWIFT_OPTIMIZATION_LEVEL = "-O";
				VALIDATE_PRODUCT = YES;
			};
			name = Release;
		};
		53F3A63A230982F200CCE702 /* Debug */ = {
			isa = XCBuildConfiguration;
			buildSettings = {
				ASSETCATALOG_COMPILER_APPICON_NAME = AppIcon;
				CODE_SIGN_STYLE = Automatic;
				DEVELOPMENT_TEAM = JM6375DKHS;
				INFOPLIST_FILE = DataStructures/Info.plist;
				LD_RUNPATH_SEARCH_PATHS = (
					"$(inherited)",
					"@executable_path/Frameworks",
				);
				PRODUCT_BUNDLE_IDENTIFIER = com.trufla.DataStructures;
				PRODUCT_NAME = "$(TARGET_NAME)";
				SWIFT_VERSION = 5.0;
				TARGETED_DEVICE_FAMILY = "1,2";
			};
			name = Debug;
		};
		53F3A63B230982F200CCE702 /* Release */ = {
			isa = XCBuildConfiguration;
			buildSettings = {
				ASSETCATALOG_COMPILER_APPICON_NAME = AppIcon;
				CODE_SIGN_STYLE = Automatic;
				DEVELOPMENT_TEAM = JM6375DKHS;
				INFOPLIST_FILE = DataStructures/Info.plist;
				LD_RUNPATH_SEARCH_PATHS = (
					"$(inherited)",
					"@executable_path/Frameworks",
				);
				PRODUCT_BUNDLE_IDENTIFIER = com.trufla.DataStructures;
				PRODUCT_NAME = "$(TARGET_NAME)";
				SWIFT_VERSION = 5.0;
				TARGETED_DEVICE_FAMILY = "1,2";
			};
			name = Release;
		};
		53F3A63D230982F200CCE702 /* Debug */ = {
			isa = XCBuildConfiguration;
			buildSettings = {
				ALWAYS_EMBED_SWIFT_STANDARD_LIBRARIES = YES;
				BUNDLE_LOADER = "$(TEST_HOST)";
				CODE_SIGN_STYLE = Automatic;
				DEVELOPMENT_TEAM = JM6375DKHS;
				INFOPLIST_FILE = DataStructuresTests/Info.plist;
				LD_RUNPATH_SEARCH_PATHS = (
					"$(inherited)",
					"@executable_path/Frameworks",
					"@loader_path/Frameworks",
				);
				PRODUCT_BUNDLE_IDENTIFIER = com.trufla.DataStructuresTests;
				PRODUCT_NAME = "$(TARGET_NAME)";
				SWIFT_VERSION = 5.0;
				TARGETED_DEVICE_FAMILY = "1,2";
				TEST_HOST = "$(BUILT_PRODUCTS_DIR)/DataStructures.app/DataStructures";
			};
			name = Debug;
		};
		53F3A63E230982F200CCE702 /* Release */ = {
			isa = XCBuildConfiguration;
			buildSettings = {
				ALWAYS_EMBED_SWIFT_STANDARD_LIBRARIES = YES;
				BUNDLE_LOADER = "$(TEST_HOST)";
				CODE_SIGN_STYLE = Automatic;
				DEVELOPMENT_TEAM = JM6375DKHS;
				INFOPLIST_FILE = DataStructuresTests/Info.plist;
				LD_RUNPATH_SEARCH_PATHS = (
					"$(inherited)",
					"@executable_path/Frameworks",
					"@loader_path/Frameworks",
				);
				PRODUCT_BUNDLE_IDENTIFIER = com.trufla.DataStructuresTests;
				PRODUCT_NAME = "$(TARGET_NAME)";
				SWIFT_VERSION = 5.0;
				TARGETED_DEVICE_FAMILY = "1,2";
				TEST_HOST = "$(BUILT_PRODUCTS_DIR)/DataStructures.app/DataStructures";
			};
			name = Release;
		};
		53F3A640230982F200CCE702 /* Debug */ = {
			isa = XCBuildConfiguration;
			buildSettings = {
				ALWAYS_EMBED_SWIFT_STANDARD_LIBRARIES = YES;
				CODE_SIGN_STYLE = Automatic;
				DEVELOPMENT_TEAM = JM6375DKHS;
				INFOPLIST_FILE = DataStructuresUITests/Info.plist;
				LD_RUNPATH_SEARCH_PATHS = (
					"$(inherited)",
					"@executable_path/Frameworks",
					"@loader_path/Frameworks",
				);
				PRODUCT_BUNDLE_IDENTIFIER = com.trufla.DataStructuresUITests;
				PRODUCT_NAME = "$(TARGET_NAME)";
				SWIFT_VERSION = 5.0;
				TARGETED_DEVICE_FAMILY = "1,2";
				TEST_TARGET_NAME = DataStructures;
			};
			name = Debug;
		};
		53F3A641230982F200CCE702 /* Release */ = {
			isa = XCBuildConfiguration;
			buildSettings = {
				ALWAYS_EMBED_SWIFT_STANDARD_LIBRARIES = YES;
				CODE_SIGN_STYLE = Automatic;
				DEVELOPMENT_TEAM = JM6375DKHS;
				INFOPLIST_FILE = DataStructuresUITests/Info.plist;
				LD_RUNPATH_SEARCH_PATHS = (
					"$(inherited)",
					"@executable_path/Frameworks",
					"@loader_path/Frameworks",
				);
				PRODUCT_BUNDLE_IDENTIFIER = com.trufla.DataStructuresUITests;
				PRODUCT_NAME = "$(TARGET_NAME)";
				SWIFT_VERSION = 5.0;
				TARGETED_DEVICE_FAMILY = "1,2";
				TEST_TARGET_NAME = DataStructures;
			};
			name = Release;
		};
/* End XCBuildConfiguration section */

/* Begin XCConfigurationList section */
		53F3A60C230982F000CCE702 /* Build configuration list for PBXProject "DataStructures" */ = {
			isa = XCConfigurationList;
			buildConfigurations = (
				53F3A637230982F200CCE702 /* Debug */,
				53F3A638230982F200CCE702 /* Release */,
			);
			defaultConfigurationIsVisible = 0;
			defaultConfigurationName = Release;
		};
		53F3A639230982F200CCE702 /* Build configuration list for PBXNativeTarget "DataStructures" */ = {
			isa = XCConfigurationList;
			buildConfigurations = (
				53F3A63A230982F200CCE702 /* Debug */,
				53F3A63B230982F200CCE702 /* Release */,
			);
			defaultConfigurationIsVisible = 0;
			defaultConfigurationName = Release;
		};
		53F3A63C230982F200CCE702 /* Build configuration list for PBXNativeTarget "DataStructuresTests" */ = {
			isa = XCConfigurationList;
			buildConfigurations = (
				53F3A63D230982F200CCE702 /* Debug */,
				53F3A63E230982F200CCE702 /* Release */,
			);
			defaultConfigurationIsVisible = 0;
			defaultConfigurationName = Release;
		};
		53F3A63F230982F200CCE702 /* Build configuration list for PBXNativeTarget "DataStructuresUITests" */ = {
			isa = XCConfigurationList;
			buildConfigurations = (
				53F3A640230982F200CCE702 /* Debug */,
				53F3A641230982F200CCE702 /* Release */,
			);
			defaultConfigurationIsVisible = 0;
			defaultConfigurationName = Release;
		};
/* End XCConfigurationList section */
	};
	rootObject = 53F3A609230982F000CCE702 /* Project object */;
}
